<?xml version="1.0" encoding="utf-8"?>
<Project ToolsVersion="4.0" xmlns="http://schemas.microsoft.com/developer/msbuild/2003">
  <ItemGroup>
    <Filter Include="Mocha">
      <UniqueIdentifier>{EDEFAE0D-5904-D7BE-2286-7A1E8E59D3EF}</UniqueIdentifier>
    </Filter>
    <Filter Include="Mocha\Core">
      <UniqueIdentifier>{6510AC77-51C8-EDC4-BACF-C620A6A688B5}</UniqueIdentifier>
    </Filter>
  </ItemGroup>
  <ItemGroup>
    <ClInclude Include="src\Mocha.h" />
    <ClInclude Include="src\Mocha\Core\Application.h">
      <Filter>Mocha\Core</Filter>
    </ClInclude>
    <ClInclude Include="src\Mocha\Core\Assert.h">
      <Filter>Mocha\Core</Filter>
    </ClInclude>
    <ClInclude Include="src\Mocha\Core\Base.h">
      <Filter>Mocha\Core</Filter>
    </ClInclude>
    <ClInclude Include="src\Mocha\Core\Entrypoint.h">
      <Filter>Mocha\Core</Filter>
    </ClInclude>
    <ClInclude Include="src\Mocha\Core\Log.h">
      <Filter>Mocha\Core</Filter>
    </ClInclude>
    <ClInclude Include="src\Mocha\Core\Ref.h">
      <Filter>Mocha\Core</Filter>
    </ClInclude>
    <ClInclude Include="src\mcpch.h">
      <Filter>Mocha</Filter>
    </ClInclude>
  </ItemGroup>
  <ItemGroup>
    <ClCompile Include="src\Mocha\Core\Application.cpp">
      <Filter>Mocha\Core</Filter>
    </ClCompile>
    <ClCompile Include="src\Mocha\Core\Log.cpp">
      <Filter>Mocha\Core</Filter>
    </ClCompile>
    <ClCompile Include="src\mcpch.cpp">
      <Filter>Mocha</Filter>
    </ClCompile>
  </ItemGroup>
</Project>