<?xml version="1.0" encoding="utf-8"?>
<Project ToolsVersion="4.0" xmlns="http://schemas.microsoft.com/developer/msbuild/2003">
  <ItemGroup>
    <Filter Include="Vendor">
      <UniqueIdentifier>{935FDCD7-7F01-07AE-68BC-1A0254FD8DFE}</UniqueIdentifier>
    </Filter>
    <Filter Include="Vendor\stb">
      <UniqueIdentifier>{6BAF7327-5767-B574-C06E-8ED0AC455065}</UniqueIdentifier>
    </Filter>
    <Filter Include="src">
      <UniqueIdentifier>{2DAB880B-99B4-887C-2230-9F7C8E38947C}</UniqueIdentifier>
    </Filter>
    <Filter Include="src\Mocha">
      <UniqueIdentifier>{44FE6BB3-B068-202A-F9A6-D1CF6550FE7E}</UniqueIdentifier>
    </Filter>
    <Filter Include="src\Mocha\Core">
      <UniqueIdentifier>{1CADB2AE-087B-A6B4-F10E-17DBDD7B8219}</UniqueIdentifier>
    </Filter>
    <Filter Include="src\Mocha\Core\Events">
      <UniqueIdentifier>{8001F711-EC6D-B20C-B561-4A6A218DD474}</UniqueIdentifier>
    </Filter>
    <Filter Include="src\Mocha\ImGui">
      <UniqueIdentifier>{6E167385-DAA1-E049-E3B2-633E4FBD3C4A}</UniqueIdentifier>
    </Filter>
    <Filter Include="src\Mocha\Platform">
      <UniqueIdentifier>{188746E6-046B-073C-6DCB-018F59CEF1BD}</UniqueIdentifier>
    </Filter>
    <Filter Include="src\Mocha\Platform\Vulkan">
      <UniqueIdentifier>{98A9032C-046C-37B6-4D1C-C642B91D1094}</UniqueIdentifier>
    </Filter>
    <Filter Include="src\Mocha\Platform\Windows">
      <UniqueIdentifier>{52C995DD-3ED9-41AE-A792-A6CC93C13047}</UniqueIdentifier>
    </Filter>
    <Filter Include="src\Mocha\Renderer">
      <UniqueIdentifier>{6A8E23C1-5672-E416-BFD2-DE69ABD5CE98}</UniqueIdentifier>
    </Filter>
    <Filter Include="vendor">
      <UniqueIdentifier>{B3738122-9F15-ACF8-88D0-BF4C74113349}</UniqueIdentifier>
    </Filter>
    <Filter Include="vendor\ImGui">
      <UniqueIdentifier>{1DA38CEE-0906-1C93-B28B-54499ECDE715}</UniqueIdentifier>
    </Filter>
    <Filter Include="vendor\ImGui\examples">
      <UniqueIdentifier>{6BC1FCD3-D72D-B8CE-A021-502C0C4DDA36}</UniqueIdentifier>
    </Filter>
  </ItemGroup>
  <ItemGroup>
    <ClInclude Include="src\Mocha.h">
      <Filter>src</Filter>
    </ClInclude>
    <ClInclude Include="src\Mocha\Core\Application.h">
      <Filter>src\Mocha\Core</Filter>
    </ClInclude>
    <ClInclude Include="src\Mocha\Core\Assert.h">
      <Filter>src\Mocha\Core</Filter>
    </ClInclude>
    <ClInclude Include="src\Mocha\Core\Base.h">
      <Filter>src\Mocha\Core</Filter>
    </ClInclude>
    <ClInclude Include="src\Mocha\Core\Buffer.h">
      <Filter>src\Mocha\Core</Filter>
    </ClInclude>
    <ClInclude Include="src\Mocha\Core\Entrypoint.h">
      <Filter>src\Mocha\Core</Filter>
    </ClInclude>
    <ClInclude Include="src\Mocha\Core\Events\ApplicationEvent.h">
      <Filter>src\Mocha\Core\Events</Filter>
    </ClInclude>
    <ClInclude Include="src\Mocha\Core\Events\Event.h">
      <Filter>src\Mocha\Core\Events</Filter>
    </ClInclude>
    <ClInclude Include="src\Mocha\Core\Events\KeyEvent.h">
      <Filter>src\Mocha\Core\Events</Filter>
    </ClInclude>
    <ClInclude Include="src\Mocha\Core\Events\MouseEvent.h">
      <Filter>src\Mocha\Core\Events</Filter>
    </ClInclude>
    <ClInclude Include="src\Mocha\Core\KeyCodes.h">
      <Filter>src\Mocha\Core</Filter>
    </ClInclude>
    <ClInclude Include="src\Mocha\Core\Layer.h">
      <Filter>src\Mocha\Core</Filter>
    </ClInclude>
    <ClInclude Include="src\Mocha\Core\LayerStack.h">
      <Filter>src\Mocha\Core</Filter>
    </ClInclude>
    <ClInclude Include="src\Mocha\Core\Log.h">
      <Filter>src\Mocha\Core</Filter>
    </ClInclude>
    <ClInclude Include="src\Mocha\Core\Ref.h">
      <Filter>src\Mocha\Core</Filter>
    </ClInclude>
    <ClInclude Include="src\Mocha\Core\Timestep.h">
      <Filter>src\Mocha\Core</Filter>
    </ClInclude>
    <ClInclude Include="src\Mocha\Core\Window.h">
      <Filter>src\Mocha\Core</Filter>
    </ClInclude>
    <ClInclude Include="src\Mocha\ImGui\ImGuiLayer.h">
      <Filter>src\Mocha\ImGui</Filter>
    </ClInclude>
    <ClInclude Include="src\Mocha\Platform\Vulkan\Vulkan.h">
      <Filter>src\Mocha\Platform\Vulkan</Filter>
    </ClInclude>
    <ClInclude Include="src\Mocha\Platform\Vulkan\VulkanAllocator.h">
      <Filter>src\Mocha\Platform\Vulkan</Filter>
    </ClInclude>
    <ClInclude Include="src\Mocha\Platform\Vulkan\VulkanContext.h">
      <Filter>src\Mocha\Platform\Vulkan</Filter>
    </ClInclude>
    <ClInclude Include="src\Mocha\Platform\Vulkan\VulkanDevice.h">
      <Filter>src\Mocha\Platform\Vulkan</Filter>
    </ClInclude>
    <ClInclude Include="src\Mocha\Platform\Vulkan\VulkanFramebuffer.h">
      <Filter>src\Mocha\Platform\Vulkan</Filter>
    </ClInclude>
    <ClInclude Include="src\Mocha\Platform\Vulkan\VulkanImGuiLayer.h">
      <Filter>src\Mocha\Platform\Vulkan</Filter>
    </ClInclude>
    <ClInclude Include="src\Mocha\Platform\Vulkan\VulkanIndexBuffer.h">
      <Filter>src\Mocha\Platform\Vulkan</Filter>
    </ClInclude>
    <ClInclude Include="src\Mocha\Platform\Vulkan\VulkanPipeline.h">
      <Filter>src\Mocha\Platform\Vulkan</Filter>
    </ClInclude>
    <ClInclude Include="src\Mocha\Platform\Vulkan\VulkanRenderPass.h">
      <Filter>src\Mocha\Platform\Vulkan</Filter>
    </ClInclude>
    <ClInclude Include="src\Mocha\Platform\Vulkan\VulkanRenderer.h">
      <Filter>src\Mocha\Platform\Vulkan</Filter>
    </ClInclude>
    <ClInclude Include="src\Mocha\Platform\Vulkan\VulkanShader.h">
      <Filter>src\Mocha\Platform\Vulkan</Filter>
    </ClInclude>
    <ClInclude Include="src\Mocha\Platform\Vulkan\VulkanSwapchain.h">
      <Filter>src\Mocha\Platform\Vulkan</Filter>
    </ClInclude>
    <ClInclude Include="src\Mocha\Platform\Vulkan\VulkanTexture.h">
      <Filter>src\Mocha\Platform\Vulkan</Filter>
    </ClInclude>
    <ClInclude Include="src\Mocha\Platform\Vulkan\VulkanVertexBuffer.h">
      <Filter>src\Mocha\Platform\Vulkan</Filter>
    </ClInclude>
    <ClInclude Include="src\Mocha\Platform\Windows\WindowsWindow.h">
      <Filter>src\Mocha\Platform\Windows</Filter>
    </ClInclude>
    <ClInclude Include="src\Mocha\Renderer\Framebuffer.h">
      <Filter>src\Mocha\Renderer</Filter>
    </ClInclude>
    <ClInclude Include="src\Mocha\Renderer\IndexBuffer.h">
      <Filter>src\Mocha\Renderer</Filter>
    </ClInclude>
    <ClInclude Include="src\Mocha\Renderer\Pipeline.h">
      <Filter>src\Mocha\Renderer</Filter>
    </ClInclude>
    <ClInclude Include="src\Mocha\Renderer\RenderPass.h">
      <Filter>src\Mocha\Renderer</Filter>
    </ClInclude>
    <ClInclude Include="src\Mocha\Renderer\Renderer.h">
      <Filter>src\Mocha\Renderer</Filter>
    </ClInclude>
    <ClInclude Include="src\Mocha\Renderer\RendererAPI.h">
      <Filter>src\Mocha\Renderer</Filter>
    </ClInclude>
    <ClInclude Include="src\Mocha\Renderer\RendererContext.h">
      <Filter>src\Mocha\Renderer</Filter>
    </ClInclude>
    <ClInclude Include="src\Mocha\Renderer\Shader.h">
      <Filter>src\Mocha\Renderer</Filter>
    </ClInclude>
    <ClInclude Include="src\Mocha\Renderer\ShaderUniform.h">
      <Filter>src\Mocha\Renderer</Filter>
    </ClInclude>
    <ClInclude Include="src\Mocha\Renderer\Texture.h">
      <Filter>src\Mocha\Renderer</Filter>
    </ClInclude>
    <ClInclude Include="src\Mocha\Renderer\VertexBuffer.h">
      <Filter>src\Mocha\Renderer</Filter>
    </ClInclude>
    <ClInclude Include="src\mcpch.h">
      <Filter>src</Filter>
    </ClInclude>
  </ItemGroup>
  <ItemGroup>
    <ClCompile Include="Vendor\stb\stb_image.cpp">
      <Filter>Vendor\stb</Filter>
    </ClCompile>
    <ClCompile Include="src\Mocha\Core\Application.cpp">
      <Filter>src\Mocha\Core</Filter>
    </ClCompile>
    <ClCompile Include="src\Mocha\Core\Layer.cpp">
      <Filter>src\Mocha\Core</Filter>
    </ClCompile>
    <ClCompile Include="src\Mocha\Core\LayerStack.cpp">
      <Filter>src\Mocha\Core</Filter>
    </ClCompile>
    <ClCompile Include="src\Mocha\Core\Log.cpp">
      <Filter>src\Mocha\Core</Filter>
    </ClCompile>
    <ClCompile Include="src\Mocha\Core\Timestep.cpp">
      <Filter>src\Mocha\Core</Filter>
    </ClCompile>
    <ClCompile Include="src\Mocha\ImGui\ImGuiBuild.cpp">
      <Filter>src\Mocha\ImGui</Filter>
    </ClCompile>
    <ClCompile Include="src\Mocha\ImGui\ImGuiLayer.cpp">
      <Filter>src\Mocha\ImGui</Filter>
    </ClCompile>
    <ClCompile Include="src\Mocha\Platform\Vulkan\VulkanAllocator.cpp">
      <Filter>src\Mocha\Platform\Vulkan</Filter>
    </ClCompile>
    <ClCompile Include="src\Mocha\Platform\Vulkan\VulkanContext.cpp">
      <Filter>src\Mocha\Platform\Vulkan</Filter>
    </ClCompile>
    <ClCompile Include="src\Mocha\Platform\Vulkan\VulkanDevice.cpp">
      <Filter>src\Mocha\Platform\Vulkan</Filter>
    </ClCompile>
    <ClCompile Include="src\Mocha\Platform\Vulkan\VulkanFramebuffer.cpp">
      <Filter>src\Mocha\Platform\Vulkan</Filter>
    </ClCompile>
    <ClCompile Include="src\Mocha\Platform\Vulkan\VulkanImGuiLayer.cpp">
      <Filter>src\Mocha\Platform\Vulkan</Filter>
    </ClCompile>
    <ClCompile Include="src\Mocha\Platform\Vulkan\VulkanIndexBuffer.cpp">
      <Filter>src\Mocha\Platform\Vulkan</Filter>
    </ClCompile>
    <ClCompile Include="src\Mocha\Platform\Vulkan\VulkanPipeline.cpp">
      <Filter>src\Mocha\Platform\Vulkan</Filter>
    </ClCompile>
    <ClCompile Include="src\Mocha\Platform\Vulkan\VulkanRenderPass.cpp">
      <Filter>src\Mocha\Platform\Vulkan</Filter>
    </ClCompile>
    <ClCompile Include="src\Mocha\Platform\Vulkan\VulkanRenderer.cpp">
      <Filter>src\Mocha\Platform\Vulkan</Filter>
    </ClCompile>
    <ClCompile Include="src\Mocha\Platform\Vulkan\VulkanShader.cpp">
      <Filter>src\Mocha\Platform\Vulkan</Filter>
    </ClCompile>
    <ClCompile Include="src\Mocha\Platform\Vulkan\VulkanSwapchain.cpp">
      <Filter>src\Mocha\Platform\Vulkan</Filter>
    </ClCompile>
    <ClCompile Include="src\Mocha\Platform\Vulkan\VulkanTexture.cpp">
      <Filter>src\Mocha\Platform\Vulkan</Filter>
    </ClCompile>
    <ClCompile Include="src\Mocha\Platform\Vulkan\VulkanVertexBuffer.cpp">
      <Filter>src\Mocha\Platform\Vulkan</Filter>
    </ClCompile>
    <ClCompile Include="src\Mocha\Platform\Windows\WindowsWindow.cpp">
      <Filter>src\Mocha\Platform\Windows</Filter>
    </ClCompile>
    <ClCompile Include="src\Mocha\Renderer\Framebuffer.cpp">
      <Filter>src\Mocha\Renderer</Filter>
    </ClCompile>
    <ClCompile Include="src\Mocha\Renderer\IndexBuffer.cpp">
      <Filter>src\Mocha\Renderer</Filter>
    </ClCompile>
    <ClCompile Include="src\Mocha\Renderer\Pipeline.cpp">
      <Filter>src\Mocha\Renderer</Filter>
    </ClCompile>
    <ClCompile Include="src\Mocha\Renderer\RenderPass.cpp">
      <Filter>src\Mocha\Renderer</Filter>
    </ClCompile>
    <ClCompile Include="src\Mocha\Renderer\RendererAPI.cpp">
      <Filter>src\Mocha\Renderer</Filter>
    </ClCompile>
    <ClCompile Include="src\Mocha\Renderer\RendererContext.cpp">
      <Filter>src\Mocha\Renderer</Filter>
    </ClCompile>
    <ClCompile Include="src\Mocha\Renderer\Shader.cpp">
      <Filter>src\Mocha\Renderer</Filter>
    </ClCompile>
    <ClCompile Include="src\Mocha\Renderer\Texture.cpp">
      <Filter>src\Mocha\Renderer</Filter>
    </ClCompile>
    <ClCompile Include="src\Mocha\Renderer\VertexBuffer.cpp">
      <Filter>src\Mocha\Renderer</Filter>
    </ClCompile>
    <ClCompile Include="src\mcpch.cpp">
      <Filter>src</Filter>
    </ClCompile>
    <ClCompile Include="vendor\ImGui\examples\imgui_impl_glfw.cpp">
      <Filter>vendor\ImGui\examples</Filter>
    </ClCompile>
    <ClCompile Include="vendor\ImGui\examples\imgui_impl_vulkan.cpp">
      <Filter>vendor\ImGui\examples</Filter>
    </ClCompile>
  </ItemGroup>
</Project>